
Microsoft Visual Studio Solution File, Format Version 12.00
# Visual Studio Version 17
VisualStudioVersion = 17.14.36518.9 d17.14
MinimumVisualStudioVersion = 10.0.40219.1
Project("{FAE04EC0-301F-11D3-BF4B-00C04F79EFBC}") = "Agrine.UI.Controls", "Agrine.UI.Controls\Agrine.UI.Controls.csproj", "{60C42369-0B3A-47A7-AD7D-9725D4FDAA21}"
EndProject
Project("{FAE04EC0-301F-11D3-BF4B-00C04F79EFBC}") = "Agrine.UI.Sounds", "Agrine.UI.Sounds\Agrine.UI.Sounds.csproj", "{B965382D-0A76-4949-97E1-F277C6563ED3}"
EndProject
Project("{FAE04EC0-301F-11D3-BF4B-00C04F79EFBC}") = "Agrine.UI.Icons", "Agrine.UI.Icons\Agrine.UI.Icons.csproj", "{A45CBC28-CE6E-4696-B26C-4FD57CB7B5AA}"
EndProject
Project("{FAE04EC0-301F-11D3-BF4B-00C04F79EFBC}") = "Agrine.UI.Core", "Agrine.UI.Core\Agrine.UI.Core.csproj", "{6026B4B1-E7B4-471F-877E-DC1ABA9545C8}"
EndProject
Project("{FAE04EC0-301F-11D3-BF4B-00C04F79EFBC}") = "TestApp", "TestApp\TestApp.csproj", "{51264EBE-CC34-4443-AA5F-6A4999D86685}"
EndProject
Global
	GlobalSection(SolutionConfigurationPlatforms) = preSolution
		Debug|Any CPU = Debug|Any CPU
		Release|Any CPU = Release|Any CPU
	EndGlobalSection
	GlobalSection(ProjectConfigurationPlatforms) = postSolution
		{60C42369-0B3A-47A7-AD7D-9725D4FDAA21}.Debug|Any CPU.ActiveCfg = Debug|Any CPU
		{60C42369-0B3A-47A7-AD7D-9725D4FDAA21}.Debug|Any CPU.Build.0 = Debug|Any CPU
		{60C42369-0B3A-47A7-AD7D-9725D4FDAA21}.Release|Any CPU.ActiveCfg = Release|Any CPU
		{60C42369-0B3A-47A7-AD7D-9725D4FDAA21}.Release|Any CPU.Build.0 = Release|Any CPU
		{B965382D-0A76-4949-97E1-F277C6563ED3}.Debug|Any CPU.ActiveCfg = Debug|Any CPU
		{B965382D-0A76-4949-97E1-F277C6563ED3}.Debug|Any CPU.Build.0 = Debug|Any CPU
		{B965382D-0A76-4949-97E1-F277C6563ED3}.Release|Any CPU.ActiveCfg = Release|Any CPU
		{B965382D-0A76-4949-97E1-F277C6563ED3}.Release|Any CPU.Build.0 = Release|Any CPU
		{A45CBC28-CE6E-4696-B26C-4FD57CB7B5AA}.Debug|Any CPU.ActiveCfg = Debug|Any CPU
		{A45CBC28-CE6E-4696-B26C-4FD57CB7B5AA}.Debug|Any CPU.Build.0 = Debug|Any CPU
		{A45CBC28-CE6E-4696-B26C-4FD57CB7B5AA}.Release|Any CPU.ActiveCfg = Release|Any CPU
		{A45CBC28-CE6E-4696-B26C-4FD57CB7B5AA}.Release|Any CPU.Build.0 = Release|Any CPU
		{6026B4B1-E7B4-471F-877E-DC1ABA9545C8}.Debug|Any CPU.ActiveCfg = Debug|Any CPU
		{6026B4B1-E7B4-471F-877E-DC1ABA9545C8}.Debug|Any CPU.Build.0 = Debug|Any CPU
		{6026B4B1-E7B4-471F-877E-DC1ABA9545C8}.Release|Any CPU.ActiveCfg = Release|Any CPU
		{6026B4B1-E7B4-471F-877E-DC1ABA9545C8}.Release|Any CPU.Build.0 = Release|Any CPU
		{51264EBE-CC34-4443-AA5F-6A4999D86685}.Debug|Any CPU.ActiveCfg = Debug|Any CPU
		{51264EBE-CC34-4443-AA5F-6A4999D86685}.Debug|Any CPU.Build.0 = Debug|Any CPU
		{51264EBE-CC34-4443-AA5F-6A4999D86685}.Release|Any CPU.ActiveCfg = Release|Any CPU
		{51264EBE-CC34-4443-AA5F-6A4999D86685}.Release|Any CPU.Build.0 = Release|Any CPU
	EndGlobalSection
	GlobalSection(SolutionProperties) = preSolution
		HideSolutionNode = FALSE
	EndGlobalSection
	GlobalSection(ExtensibilityGlobals) = postSolution
		SolutionGuid = {723A5160-95F3-4BFF-B269-439B4337D73F}
	EndGlobalSection
EndGlobal
